
Microsoft Visual Studio Solution File, Format Version 12.00
# Visual Studio Version 16
VisualStudioVersion = 16.0.30523.141
MinimumVisualStudioVersion = 10.0.40219.1
Project("{FAE04EC0-301F-11D3-BF4B-00C04F79EFBC}") = "DSCC_CW1_7252_WEB", "DSCC_CW1_7252_WEB\DSCC_CW1_7252_WEB.csproj", "{1758F760-C0C1-407E-8E82-1B6B9EAACAD0}"
EndProject
Global
	GlobalSection(SolutionConfigurationPlatforms) = preSolution
		Debug|Any CPU = Debug|Any CPU
		Release|Any CPU = Release|Any CPU
	EndGlobalSection
	GlobalSection(ProjectConfigurationPlatforms) = postSolution
		{1758F760-C0C1-407E-8E82-1B6B9EAACAD0}.Debug|Any CPU.ActiveCfg = Debug|Any CPU
		{1758F760-C0C1-407E-8E82-1B6B9EAACAD0}.Debug|Any CPU.Build.0 = Debug|Any CPU
		{1758F760-C0C1-407E-8E82-1B6B9EAACAD0}.Release|Any CPU.ActiveCfg = Release|Any CPU
		{1758F760-C0C1-407E-8E82-1B6B9EAACAD0}.Release|Any CPU.Build.0 = Release|Any CPU
	EndGlobalSection
	GlobalSection(SolutionProperties) = preSolution
		HideSolutionNode = FALSE
	EndGlobalSection
	GlobalSection(ExtensibilityGlobals) = postSolution
		SolutionGuid = {BAC78ECB-FB9E-44EB-8CDB-010CAC9ED84F}
	EndGlobalSection
EndGlobal
